
Microsoft Visual Studio Solution File, Format Version 12.00
# Visual Studio 14
VisualStudioVersion = 14.0.24720.0
MinimumVisualStudioVersion = 10.0.40219.1
Project("{E24C65DC-7377-472B-9ABA-BC803B73C61A}") = "BiosNews", ".", "{22D34F0E-C3E8-4E8A-B8BD-F0DABB30A7BD}"
	ProjectSection(WebsiteProperties) = preProject
		TargetFrameworkMoniker = ".NETFramework,Version%3Dv4.5.2"
		Debug.AspNetCompiler.VirtualPath = "/localhost_54143"
		Debug.AspNetCompiler.PhysicalPath = "..\BiosNews - Persistencia\"
		Debug.AspNetCompiler.TargetPath = "PrecompiledWeb\localhost_54143\"
		Debug.AspNetCompiler.Updateable = "true"
		Debug.AspNetCompiler.ForceOverwrite = "true"
		Debug.AspNetCompiler.FixedNames = "false"
		Debug.AspNetCompiler.Debug = "True"
		Release.AspNetCompiler.VirtualPath = "/localhost_54143"
		Release.AspNetCompiler.PhysicalPath = "..\BiosNews - Persistencia\"
		Release.AspNetCompiler.TargetPath = "PrecompiledWeb\localhost_54143\"
		Release.AspNetCompiler.Updateable = "true"
		Release.AspNetCompiler.ForceOverwrite = "true"
		Release.AspNetCompiler.FixedNames = "false"
		Release.AspNetCompiler.Debug = "False"
		VWDPort = "54143"
		SlnRelativePath = "..\BiosNews - Persistencia\"
		DefaultWebSiteLanguage = "Visual C#"
	EndProjectSection
EndProject
Project("{FAE04EC0-301F-11D3-BF4B-00C04F79EFBC}") = "EntidadesCompartidas", "EntidadesCompartidas\EntidadesCompartidas.csproj", "{65B92C0B-18D3-4274-B217-C2B88E9F72C5}"
EndProject
Project("{FAE04EC0-301F-11D3-BF4B-00C04F79EFBC}") = "Persistencia", "Persistencia\Persistencia.csproj", "{D3942971-0F14-4D3C-BB44-A8847B93CC47}"
EndProject
Global
	GlobalSection(SolutionConfigurationPlatforms) = preSolution
		Debug|Any CPU = Debug|Any CPU
		Release|Any CPU = Release|Any CPU
	EndGlobalSection
	GlobalSection(ProjectConfigurationPlatforms) = postSolution
		{22D34F0E-C3E8-4E8A-B8BD-F0DABB30A7BD}.Debug|Any CPU.ActiveCfg = Debug|Any CPU
		{22D34F0E-C3E8-4E8A-B8BD-F0DABB30A7BD}.Debug|Any CPU.Build.0 = Debug|Any CPU
		{22D34F0E-C3E8-4E8A-B8BD-F0DABB30A7BD}.Release|Any CPU.ActiveCfg = Debug|Any CPU
		{22D34F0E-C3E8-4E8A-B8BD-F0DABB30A7BD}.Release|Any CPU.Build.0 = Debug|Any CPU
		{65B92C0B-18D3-4274-B217-C2B88E9F72C5}.Debug|Any CPU.ActiveCfg = Debug|Any CPU
		{65B92C0B-18D3-4274-B217-C2B88E9F72C5}.Debug|Any CPU.Build.0 = Debug|Any CPU
		{65B92C0B-18D3-4274-B217-C2B88E9F72C5}.Release|Any CPU.ActiveCfg = Release|Any CPU
		{65B92C0B-18D3-4274-B217-C2B88E9F72C5}.Release|Any CPU.Build.0 = Release|Any CPU
		{D3942971-0F14-4D3C-BB44-A8847B93CC47}.Debug|Any CPU.ActiveCfg = Debug|Any CPU
		{D3942971-0F14-4D3C-BB44-A8847B93CC47}.Debug|Any CPU.Build.0 = Debug|Any CPU
		{D3942971-0F14-4D3C-BB44-A8847B93CC47}.Release|Any CPU.ActiveCfg = Release|Any CPU
		{D3942971-0F14-4D3C-BB44-A8847B93CC47}.Release|Any CPU.Build.0 = Release|Any CPU
	EndGlobalSection
	GlobalSection(SolutionProperties) = preSolution
		HideSolutionNode = FALSE
	EndGlobalSection
EndGlobal
